Microsoft Visual Studio Solution File, Format Version 12.00
# Visual Studio Version 16
VisualStudioVersion = 16.0.32901.82
MinimumVisualStudioVersion = 10.0.40219.1
Project("{FAE04EC0-301F-11D3-BF4B-00C04F79EFBC}") = "JNMTaskManagement", "JNMTaskManagement\JNMTaskManagement.csproj", "{6B60A841-13D4-4DA3-A9C4-95E74B2EBA0B}"
EndProject
Project("{FAE04EC0-301F-11D3-BF4B-00C04F79EFBC}") = "JNMTaskManagement_Repository", "JNMTaskManagement_Repository\JNMTaskManagement_Repository.csproj", "{DC0A8AEB-3BDC-43DC-981F-BDB6CCA3E10A}"
EndProject
Global
	GlobalSection(SolutionConfigurationPlatforms) = preSolution
		Debug|Any CPU = Debug|Any CPU
		Release|Any CPU = Release|Any CPU
	EndGlobalSection
	GlobalSection(ProjectConfigurationPlatforms) = postSolution
		{6B60A841-13D4-4DA3-A9C4-95E74B2EBA0B}.Debug|Any CPU.ActiveCfg = Debug|Any CPU
		{6B60A841-13D4-4DA3-A9C4-95E74B2EBA0B}.Debug|Any CPU.Build.0 = Debug|Any CPU
		{6B60A841-13D4-4DA3-A9C4-95E74B2EBA0B}.Release|Any CPU.ActiveCfg = Release|Any CPU
		{6B60A841-13D4-4DA3-A9C4-95E74B2EBA0B}.Release|Any CPU.Build.0 = Release|Any CPU
		{DC0A8AEB-3BDC-43DC-981F-BDB6CCA3E10A}.Debug|Any CPU.ActiveCfg = Debug|Any CPU
		{DC0A8AEB-3BDC-43DC-981F-BDB6CCA3E10A}.Debug|Any CPU.Build.0 = Debug|Any CPU
		{DC0A8AEB-3BDC-43DC-981F-BDB6CCA3E10A}.Release|Any CPU.ActiveCfg = Release|Any CPU
		{DC0A8AEB-3BDC-43DC-981F-BDB6CCA3E10A}.Release|Any CPU.Build.0 = Release|Any CPU
	EndGlobalSection
	GlobalSection(SolutionProperties) = preSolution
		HideSolutionNode = FALSE
	EndGlobalSection
	GlobalSection(ExtensibilityGlobals) = postSolution
		SolutionGuid = {4A26C025-1E27-4E66-B143-FAB6617E8859}
	EndGlobalSection
EndGlobal
